GEM
  remote: https://rubygems.org/
  specs:
    activesupport (8.1.3)
      base64
      bigdecimal
      concurrent-ruby (~> 1.0, >= 1.3.1)
      connection_pool (>= 2.2.5)
      drb
      i18n (>= 1.6, < 2)
      json
      logger (>= 1.4.2)
      minitest (>= 5.1)
      securerandom (>= 0.3)
      tzinfo (~> 2.0, >= 2.0.5)
      uri (>= 0.13.1)
    agent2agent (1.1.1)
      async
      async-http (~> 0.95)
      async-http-faraday (~> 0.22)
      console
      faraday (~> 2.0)
      google-protobuf (~> 4.34)
      json_schemer (~> 2.5)
      protocol-http (~> 0.62)
      rack (~> 3.0)
      scampi
      sqlite3
    async (2.39.0)
      console (~> 1.29)
      fiber-annotation
      io-event (~> 1.11)
      metrics (~> 0.12)
      traces (~> 0.18)
    async-bus (0.4.0)
      async
      io-endpoint
      io-stream
      msgpack
    async-container (0.34.5)
      async (~> 2.22)
    async-http (0.95.1)
      async (>= 2.10.2)
      async-pool (~> 0.11)
      io-endpoint (~> 0.14)
      io-stream (~> 0.6)
      metrics (~> 0.12)
      protocol-http (~> 0.62)
      protocol-http1 (~> 0.39)
      protocol-http2 (~> 0.26)
      protocol-url (~> 0.2)
      traces (~> 0.10)
    async-http-cache (0.4.6)
      async-http (~> 0.56)
    async-http-faraday (0.22.2)
      async-http (~> 0.42)
      faraday
    async-matrix (1.0.0)
      async (~> 2.39)
      async-http (~> 0.95)
      json_schemer (~> 2.0)
      scampi (~> 0.1.7)
      string_builder (~> 1.2)
    async-pool (0.11.2)
      async (>= 2.0)
    async-service (0.22.0)
      async
      async-container (~> 0.34)
      string-format (~> 0.2)
    async-service-supervisor (0.16.0)
      async (~> 2.38)
      async-bus
      async-service (~> 0.15)
      async-utilization (~> 0.3)
      io-endpoint
      memory (~> 0.7)
      memory-leak (~> 0.10)
      process-metrics
    async-utilization (0.3.2)
      console (~> 1.0)
    bake (0.24.1)
      bigdecimal
      samovar (~> 2.1)
    base64 (0.3.0)
    bigdecimal (4.1.2)
    brute (2.0.6)
      activesupport
      async (~> 2.0)
      colorize-extended
      diff-lcs (>= 1.5)
      google-protobuf (~> 4.34)
      json_schemer (~> 2.5)
      net-http-persistent
      rack (~> 3.0)
      ruby_llm
      scampi
    colorize (1.1.0)
    colorize-extended (0.1.0)
      colorize (~> 1.1)
    concurrent-ruby (1.3.6)
    connection_pool (3.0.2)
    console (1.34.3)
      fiber-annotation
      fiber-local (~> 1.1)
      json
    diff-lcs (2.0.0)
    drb (2.2.3)
    event_stream_parser (1.0.0)
    falcon (0.55.3)
      async
      async-container (~> 0.20)
      async-http (~> 0.75)
      async-http-cache (~> 0.4)
      async-service (~> 0.19)
      async-utilization (~> 0.3)
      bundler
      localhost (~> 1.1)
      openssl (>= 3.0)
      protocol-http (~> 0.31)
      protocol-rack (~> 0.7)
      samovar (~> 2.3)
    faraday (2.14.2)
      faraday-net_http (>= 2.0, < 3.5)
      json
      logger
    faraday-multipart (1.2.0)
      multipart-post (~> 2.0)
    faraday-net_http (3.4.2)
      net-http (~> 0.5)
    faraday-retry (2.4.0)
      faraday (~> 2.0)
    fiber-annotation (0.2.0)
    fiber-local (1.1.0)
      fiber-storage
    fiber-storage (1.0.1)
    google-protobuf (4.34.1)
      bigdecimal
      rake (~> 13.3)
    google-protobuf (4.34.1-aarch64-linux-gnu)
      bigdecimal
      rake (~> 13.3)
    google-protobuf (4.34.1-aarch64-linux-musl)
      bigdecimal
      rake (~> 13.3)
    google-protobuf (4.34.1-arm64-darwin)
      bigdecimal
      rake (~> 13.3)
    google-protobuf (4.34.1-x86-linux-gnu)
      bigdecimal
      rake (~> 13.3)
    google-protobuf (4.34.1-x86-linux-musl)
      bigdecimal
      rake (~> 13.3)
    google-protobuf (4.34.1-x86_64-darwin)
      bigdecimal
      rake (~> 13.3)
    google-protobuf (4.34.1-x86_64-linux-gnu)
      bigdecimal
      rake (~> 13.3)
    google-protobuf (4.34.1-x86_64-linux-musl)
      bigdecimal
      rake (~> 13.3)
    googleapis-common-protos-types (1.22.0)
      google-protobuf (~> 4.26)
    hana (1.3.7)
    i18n (1.14.8)
      concurrent-ruby (~> 1.0)
    io-endpoint (0.17.2)
    io-event (1.16.0)
    io-stream (0.13.0)
    json (2.19.5)
    json_schemer (2.5.0)
      bigdecimal
      hana (~> 1.3)
      regexp_parser (~> 2.0)
      simpleidn (~> 0.2)
    localhost (1.8.0)
      bake
    logger (1.7.0)
    mapping (1.1.3)
    marcel (1.1.0)
    memory (0.12.0)
      bake (~> 0.15)
      console
      msgpack
    memory-leak (0.10.3)
      process-metrics (>= 0.10.1)
    metrics (0.15.0)
    minitest (6.0.6)
      drb (~> 2.0)
      prism (~> 1.5)
    msgpack (1.8.0)
    multipart-post (2.4.1)
    net-http (0.9.1)
      uri (>= 0.11.1)
    net-http-persistent (4.0.8)
      connection_pool (>= 2.2.4, < 4)
    openssl (4.0.2)
    opentelemetry-api (1.10.0)
      logger
    opentelemetry-common (0.25.0)
      opentelemetry-api (~> 1.0)
    opentelemetry-exporter-otlp (0.34.0)
      google-protobuf (>= 3.18)
      googleapis-common-protos-types (~> 1.3)
      opentelemetry-api (~> 1.1)
      opentelemetry-common (~> 0.20)
      opentelemetry-sdk (~> 1.10)
      opentelemetry-semantic_conventions
    opentelemetry-registry (0.6.0)
      opentelemetry-api (~> 1.1)
    opentelemetry-sdk (1.12.0)
      logger
      opentelemetry-api (~> 1.1)
      opentelemetry-common (~> 0.20)
      opentelemetry-registry (~> 0.2)
      opentelemetry-semantic_conventions
    opentelemetry-semantic_conventions (1.37.1)
      opentelemetry-api (~> 1.0)
    prism (1.9.0)
    process-metrics (0.11.1)
      console (~> 1.8)
      json (~> 2)
    protocol-hpack (1.5.1)
    protocol-http (0.62.2)
    protocol-http1 (0.39.0)
      protocol-http (~> 0.62)
    protocol-http2 (0.26.0)
      protocol-hpack (~> 1.4)
      protocol-http (~> 0.62)
    protocol-rack (0.22.1)
      io-stream (>= 0.10)
      protocol-http (~> 0.58)
      rack (>= 1.0)
    protocol-url (0.4.0)
    rack (3.2.6)
    rake (13.4.2)
    regexp_parser (2.12.0)
    ruby_llm (1.15.0)
      base64
      event_stream_parser (~> 1)
      faraday (>= 1.10.0)
      faraday-multipart (>= 1)
      faraday-net_http (>= 1)
      faraday-retry (>= 1)
      marcel (~> 1)
      ruby_llm-schema (~> 0)
      zeitwerk (~> 2)
    ruby_llm-schema (0.3.0)
    samovar (2.4.1)
      console (~> 1.0)
      mapping (~> 1.0)
    scampi (0.1.7)
      colorize-extended
    securerandom (0.4.1)
    simpleidn (0.2.3)
    sqlite3 (2.9.4-aarch64-linux-gnu)
    sqlite3 (2.9.4-aarch64-linux-musl)
    sqlite3 (2.9.4-arm-linux-gnu)
    sqlite3 (2.9.4-arm-linux-musl)
    sqlite3 (2.9.4-arm64-darwin)
    sqlite3 (2.9.4-x86-linux-gnu)
    sqlite3 (2.9.4-x86-linux-musl)
    sqlite3 (2.9.4-x86_64-darwin)
    sqlite3 (2.9.4-x86_64-linux-gnu)
    sqlite3 (2.9.4-x86_64-linux-musl)
    string-format (0.2.0)
    string_builder (1.2.4)
    traces (0.18.2)
    traces-backend-open_telemetry (0.4.0)
      opentelemetry-api (~> 1.0)
      traces (~> 0.10)
    tzinfo (2.0.6)
      concurrent-ruby (~> 1.0)
    uri (1.1.1)
    zeitwerk (2.8.0)

PLATFORMS
  aarch64-linux-gnu
  aarch64-linux-musl
  arm-linux-gnu
  arm-linux-musl
  arm64-darwin
  x86-linux-gnu
  x86-linux-musl
  x86_64-darwin
  x86_64-linux-gnu
  x86_64-linux-musl

DEPENDENCIES
  agent2agent
  async-matrix (~> 1.0)
  async-service-supervisor
  brute
  falcon (~> 0.55)
  opentelemetry-exporter-otlp
  opentelemetry-sdk
  rack (~> 3.0)
  scampi
  traces-backend-open_telemetry

BUNDLED WITH
   2.6.9
